<?xml version="1.0" encoding="utf-8"?>
<Project ToolsVersion="4.0" xmlns="http://schemas.microsoft.com/developer/msbuild/2003">
  <ItemGroup>
    <ClCompile Include="main.cpp" />
    <ClCompile Include="Demo.cpp" />
    <ClCompile Include="Scene.cpp">
      <Filter>Levels</Filter>
    </ClCompile>
    <ClCompile Include="..\External\imgui\imgui.cpp">
      <Filter>imgui</Filter>
    </ClCompile>
    <ClCompile Include="..\External\imgui\imgui_demo.cpp">
      <Filter>imgui</Filter>
    </ClCompile>
    <ClCompile Include="..\External\imgui\imgui_draw.cpp">
      <Filter>imgui</Filter>
    </ClCompile>
    <ClCompile Include="..\External\imgui\imgui_impl_opengl3.cpp">
      <Filter>imgui</Filter>
    </ClCompile>
    <ClCompile Include="..\External\imgui\imgui_impl_sdl.cpp">
      <Filter>imgui</Filter>
    </ClCompile>
    <ClCompile Include="..\External\imgui\imgui_widgets.cpp">
      <Filter>imgui</Filter>
    </ClCompile>
    <ClCompile Include="Mesh.cpp" />
    <ClCompile Include="ObjectConverter.cpp" />
    <ClCompile Include="Shader.cpp" />
    <ClCompile Include="LightSphere.cpp" />
    <ClCompile Include="Texture.cpp" />
    <ClCompile Include="AssimpModel.cpp" />
    <ClCompile Include="AssimpMesh.cpp" />
    <ClCompile Include="Point3D.cpp">
      <Filter>Primitives</Filter>
    </ClCompile>
    <ClCompile Include="Plane.cpp">
      <Filter>Primitives</Filter>
    </ClCompile>
    <ClCompile Include="Triangle.cpp">
      <Filter>Primitives</Filter>
    </ClCompile>
    <ClCompile Include="Intersections.cpp">
      <Filter>Intersections</Filter>
    </ClCompile>
    <ClCompile Include="GeometryScene.cpp">
      <Filter>Levels</Filter>
    </ClCompile>
    <ClCompile Include="AABB.cpp">
      <Filter>BoundingVolumes</Filter>
    </ClCompile>
    <ClCompile Include="Sphere.cpp">
      <Filter>BoundingVolumes</Filter>
    </ClCompile>
    <ClCompile Include="Ray.cpp">
      <Filter>BoundingVolumes</Filter>
    </ClCompile>
  </ItemGroup>
  <ItemGroup>
    <ClInclude Include="Demo.h" />
    <ClInclude Include="Scene.h">
      <Filter>Levels</Filter>
    </ClInclude>
    <ClInclude Include="..\External\imgui\imconfig.h">
      <Filter>imgui</Filter>
    </ClInclude>
    <ClInclude Include="..\External\imgui\imgui.h">
      <Filter>imgui</Filter>
    </ClInclude>
    <ClInclude Include="..\External\imgui\imgui_impl_opengl3.h">
      <Filter>imgui</Filter>
    </ClInclude>
    <ClInclude Include="..\External\imgui\imgui_impl_sdl.h">
      <Filter>imgui</Filter>
    </ClInclude>
    <ClInclude Include="..\External\imgui\imgui_internal.h">
      <Filter>imgui</Filter>
    </ClInclude>
    <ClInclude Include="..\External\imgui\imstb_rectpack.h">
      <Filter>imgui</Filter>
    </ClInclude>
    <ClInclude Include="..\External\imgui\imstb_textedit.h">
      <Filter>imgui</Filter>
    </ClInclude>
    <ClInclude Include="..\External\imgui\imstb_truetype.h">
      <Filter>imgui</Filter>
    </ClInclude>
    <ClInclude Include="Mesh.h" />
    <ClInclude Include="ObjectConverter.h" />
    <ClInclude Include="Shader.h" />
    <ClInclude Include="LightSphere.h" />
    <ClInclude Include="Texture.h" />
    <ClInclude Include="AssimpModel.h" />
    <ClInclude Include="AssimpMesh.h" />
    <ClInclude Include="GPrimitive.h">
      <Filter>Primitives</Filter>
    </ClInclude>
    <ClInclude Include="Point3D.h">
      <Filter>Primitives</Filter>
    </ClInclude>
    <ClInclude Include="Plane.h">
      <Filter>Primitives</Filter>
    </ClInclude>
    <ClInclude Include="Triangle.h">
      <Filter>Primitives</Filter>
    </ClInclude>
    <ClInclude Include="BVolume.h">
      <Filter>BoundingVolumes</Filter>
    </ClInclude>
    <ClInclude Include="Sphere.h">
      <Filter>BoundingVolumes</Filter>
    </ClInclude>
    <ClInclude Include="AABB.h">
      <Filter>BoundingVolumes</Filter>
    </ClInclude>
    <ClInclude Include="Ray.h">
      <Filter>BoundingVolumes</Filter>
    </ClInclude>
    <ClInclude Include="Intersections.h">
      <Filter>Intersections</Filter>
    </ClInclude>
    <ClInclude Include="GeometryScene.h">
      <Filter>Levels</Filter>
    </ClInclude>
    <ClInclude Include="obj.h">
      <Filter>Intersections</Filter>
    </ClInclude>
  </ItemGroup>
  <ItemGroup>
    <Filter Include="Levels">
      <UniqueIdentifier>{2458476e-f14a-492b-a301-c39aababfcb0}</UniqueIdentifier>
    </Filter>
    <Filter Include="imgui">
      <UniqueIdentifier>{cca7d263-a2ee-4621-8bfb-1557da98a9c4}</UniqueIdentifier>
    </Filter>
    <Filter Include="Primitives">
      <UniqueIdentifier>{a70899a4-c664-4e8c-a574-e5cba6382877}</UniqueIdentifier>
    </Filter>
    <Filter Include="BoundingVolumes">
      <UniqueIdentifier>{6add0751-eb47-4e52-8f62-0bea1bdf40f3}</UniqueIdentifier>
    </Filter>
    <Filter Include="Intersections">
      <UniqueIdentifier>{dcbc7a22-484f-4c44-b36c-4a38e197d4a8}</UniqueIdentifier>
    </Filter>
  </ItemGroup>
</Project>